
Microsoft Visual Studio Solution File, Format Version 12.00
# Visual Studio 15
VisualStudioVersion = 15.0.28307.136
MinimumVisualStudioVersion = 10.0.40219.1
Project("{FAE04EC0-301F-11D3-BF4B-00C04F79EFBC}") = "XmasParty", "XmasParty\XmasParty.csproj", "{905FC8AE-0EB0-49F2-9636-41A915740EEF}"
EndProject
Global
	GlobalSection(SolutionConfigurationPlatforms) = preSolution
		Debug|Any CPU = Debug|Any CPU
		Release|Any CPU = Release|Any CPU
	EndGlobalSection
	GlobalSection(ProjectConfigurationPlatforms) = postSolution
		{905FC8AE-0EB0-49F2-9636-41A915740EEF}.Debug|Any CPU.ActiveCfg = Debug|Any CPU
		{905FC8AE-0EB0-49F2-9636-41A915740EEF}.Debug|Any CPU.Build.0 = Debug|Any CPU
		{905FC8AE-0EB0-49F2-9636-41A915740EEF}.Release|Any CPU.ActiveCfg = Release|Any CPU
		{905FC8AE-0EB0-49F2-9636-41A915740EEF}.Release|Any CPU.Build.0 = Release|Any CPU
	EndGlobalSection
	GlobalSection(SolutionProperties) = preSolution
		HideSolutionNode = FALSE
	EndGlobalSection
	GlobalSection(ExtensibilityGlobals) = postSolution
		SolutionGuid = {332DACFE-F719-4B39-B35D-9E481610F4E9}
	EndGlobalSection
EndGlobal
